
Microsoft Visual Studio Solution File, Format Version 12.00
# Visual Studio Version 16
VisualStudioVersion = 16.0.29306.81
MinimumVisualStudioVersion = 10.0.40219.1
Project("{FAE04EC0-301F-11D3-BF4B-00C04F79EFBC}") = "LabWork9", "LabWork9.csproj", "{33D54AC5-B67B-496A-892C-4AEB31C4586C}"
EndProject
Global
	GlobalSection(SolutionConfigurationPlatforms) = preSolution
		Debug|Any CPU = Debug|Any CPU
		Release|Any CPU = Release|Any CPU
	EndGlobalSection
	GlobalSection(ProjectConfigurationPlatforms) = postSolution
		{33D54AC5-B67B-496A-892C-4AEB31C4586C}.Debug|Any CPU.ActiveCfg = Debug|Any CPU
		{33D54AC5-B67B-496A-892C-4AEB31C4586C}.Debug|Any CPU.Build.0 = Debug|Any CPU
		{33D54AC5-B67B-496A-892C-4AEB31C4586C}.Release|Any CPU.ActiveCfg = Release|Any CPU
		{33D54AC5-B67B-496A-892C-4AEB31C4586C}.Release|Any CPU.Build.0 = Release|Any CPU
	EndGlobalSection
	GlobalSection(SolutionProperties) = preSolution
		HideSolutionNode = FALSE
	EndGlobalSection
	GlobalSection(ExtensibilityGlobals) = postSolution
		SolutionGuid = {EB6B7736-857F-44F4-9A9C-D971485779C4}
	EndGlobalSection
EndGlobal
